
Microsoft Visual Studio Solution File, Format Version 12.00
# Visual Studio 15
VisualStudioVersion = 15.0.26730.16
MinimumVisualStudioVersion = 10.0.40219.1
Project("{FAE04EC0-301F-11D3-BF4B-00C04F79EFBC}") = "FileSystemVisitor", "FileSystemVisitor\FileSystemVisitor.csproj", "{22D01353-8198-4AB6-8165-371F517DFEE9}"
EndProject
Project("{FAE04EC0-301F-11D3-BF4B-00C04F79EFBC}") = "FileSystemVisitor.ConsoleTests", "FileSystemVisitor.ConsoleTests\FileSystemVisitor.ConsoleTests.csproj", "{8FD47D7C-1185-4753-B181-4AF9DDC0B326}"
EndProject
Global
	GlobalSection(SolutionConfigurationPlatforms) = preSolution
		Debug|Any CPU = Debug|Any CPU
		Release|Any CPU = Release|Any CPU
	EndGlobalSection
	GlobalSection(ProjectConfigurationPlatforms) = postSolution
		{22D01353-8198-4AB6-8165-371F517DFEE9}.Debug|Any CPU.ActiveCfg = Debug|Any CPU
		{22D01353-8198-4AB6-8165-371F517DFEE9}.Debug|Any CPU.Build.0 = Debug|Any CPU
		{22D01353-8198-4AB6-8165-371F517DFEE9}.Release|Any CPU.ActiveCfg = Release|Any CPU
		{22D01353-8198-4AB6-8165-371F517DFEE9}.Release|Any CPU.Build.0 = Release|Any CPU
		{8FD47D7C-1185-4753-B181-4AF9DDC0B326}.Debug|Any CPU.ActiveCfg = Debug|Any CPU
		{8FD47D7C-1185-4753-B181-4AF9DDC0B326}.Debug|Any CPU.Build.0 = Debug|Any CPU
		{8FD47D7C-1185-4753-B181-4AF9DDC0B326}.Release|Any CPU.ActiveCfg = Release|Any CPU
		{8FD47D7C-1185-4753-B181-4AF9DDC0B326}.Release|Any CPU.Build.0 = Release|Any CPU
	EndGlobalSection
	GlobalSection(SolutionProperties) = preSolution
		HideSolutionNode = FALSE
	EndGlobalSection
	GlobalSection(ExtensibilityGlobals) = postSolution
		SolutionGuid = {8F287B50-DF8B-4ACB-90D6-094E1BFE5754}
	EndGlobalSection
EndGlobal
